<?xml version="1.0" encoding="utf-8"?>
<Project ToolsVersion="4.0" xmlns="http://schemas.microsoft.com/developer/msbuild/2003">
  <ItemGroup>
    <Filter Include="Source Files">
      <UniqueIdentifier>{4FC737F1-C7A5-4376-A066-2A32D752A2FF}</UniqueIdentifier>
      <Extensions>cpp;c;cc;cxx;c++;cppm;ixx;def;odl;idl;hpj;bat;asm;asmx</Extensions>
    </Filter>
    <Filter Include="Header Files">
      <UniqueIdentifier>{93995380-89BD-4b04-88EB-625FBE52EBFB}</UniqueIdentifier>
      <Extensions>h;hh;hpp;hxx;h++;hm;inl;inc;ipp;xsd</Extensions>
    </Filter>
    <Filter Include="Resource Files">
      <UniqueIdentifier>{67DA6AB6-F800-4c08-8B7A-83BB121AAD01}</UniqueIdentifier>
      <Extensions>rc;ico;cur;bmp;dlg;rc2;rct;bin;rgs;gif;jpg;jpeg;jpe;resx;tiff;tif;png;wav;mfcribbon-ms</Extensions>
    </Filter>
    <Filter Include="Components">
      <UniqueIdentifier>{5a95ad88-b9c2-4307-abe7-f276277ba833}</UniqueIdentifier>
    </Filter>
  </ItemGroup>
  <ItemGroup>
    <ClCompile Include="src\main.cpp">
      <Filter>Source Files</Filter>
    </ClCompile>
    <ClCompile Include="src\Application.cpp">
      <Filter>Source Files</Filter>
    </ClCompile>
    <ClCompile Include="src\DrawingCanvas.cpp">
      <Filter>Source Files</Filter>
    </ClCompile>
    <ClCompile Include="src\Navigation.cpp">
      <Filter>Source Files</Filter>
    </ClCompile>
    <ClCompile Include="src\EventHandler.cpp">
      <Filter>Source Files</Filter>
    </ClCompile>
    <ClCompile Include="src\Components\Box.cpp">
      <Filter>Components</Filter>
    </ClCompile>
    <ClCompile Include="src\Components\Button.cpp">
      <Filter>Components</Filter>
    </ClCompile>
    <ClCompile Include="src\Components\ButtonSprite.cpp">
      <Filter>Components</Filter>
    </ClCompile>
    <ClCompile Include="src\Components\ContainMethod.cpp">
      <Filter>Components</Filter>
    </ClCompile>
    <ClCompile Include="src\Components\HideMethod.cpp">
      <Filter>Components</Filter>
    </ClCompile>
    <ClCompile Include="src\Components\LineEdit.cpp">
      <Filter>Components</Filter>
    </ClCompile>
    <ClCompile Include="src\Components\PressMethod.cpp">
      <Filter>Components</Filter>
    </ClCompile>
  </ItemGroup>
  <ItemGroup>
    <ClInclude Include="src\Application.h">
      <Filter>Header Files</Filter>
    </ClInclude>
    <ClInclude Include="src\DrawingCanvas.h">
      <Filter>Header Files</Filter>
    </ClInclude>
    <ClInclude Include="src\Navigation.h">
      <Filter>Header Files</Filter>
    </ClInclude>
    <ClInclude Include="src\EventHandler.h">
      <Filter>Header Files</Filter>
    </ClInclude>
    <ClInclude Include="src\Components\Box.h">
      <Filter>Components</Filter>
    </ClInclude>
    <ClInclude Include="src\Components\Button.h">
      <Filter>Components</Filter>
    </ClInclude>
    <ClInclude Include="src\Components\ButtonSprite.h">
      <Filter>Components</Filter>
    </ClInclude>
    <ClInclude Include="src\Components\ContainMethod.h">
      <Filter>Components</Filter>
    </ClInclude>
    <ClInclude Include="src\Components\HideMethod.h">
      <Filter>Components</Filter>
    </ClInclude>
    <ClInclude Include="src\Components\LineEdit.h">
      <Filter>Components</Filter>
    </ClInclude>
    <ClInclude Include="src\Components\PressMethod.h">
      <Filter>Components</Filter>
    </ClInclude>
  </ItemGroup>
</Project>